
Microsoft Visual Studio Solution File, Format Version 12.00
# Visual Studio Version 17
VisualStudioVersion = 17.3.32922.545
MinimumVisualStudioVersion = 10.0.40219.1
Project("{FAE04EC0-301F-11D3-BF4B-00C04F79EFBC}") = "WebApplication1", "WebApplication1.csproj", "{4808B7C9-CAE5-4043-B231-8BCA6CA062C2}"
EndProject
Global
	GlobalSection(SolutionConfigurationPlatforms) = preSolution
		Debug|Any CPU = Debug|Any CPU
		Release|Any CPU = Release|Any CPU
	EndGlobalSection
	GlobalSection(ProjectConfigurationPlatforms) = postSolution
		{4808B7C9-CAE5-4043-B231-8BCA6CA062C2}.Debug|Any CPU.ActiveCfg = Debug|Any CPU
		{4808B7C9-CAE5-4043-B231-8BCA6CA062C2}.Debug|Any CPU.Build.0 = Debug|Any CPU
		{4808B7C9-CAE5-4043-B231-8BCA6CA062C2}.Release|Any CPU.ActiveCfg = Release|Any CPU
		{4808B7C9-CAE5-4043-B231-8BCA6CA062C2}.Release|Any CPU.Build.0 = Release|Any CPU
	EndGlobalSection
	GlobalSection(SolutionProperties) = preSolution
		HideSolutionNode = FALSE
	EndGlobalSection
	GlobalSection(ExtensibilityGlobals) = postSolution
		SolutionGuid = {FFAEF7DF-432B-4BED-920F-94A12045AF73}
	EndGlobalSection
EndGlobal
